// !$*UTF8*$!
{
	archiveVersion = 1;
	classes = {
	};
	objectVersion = 56;
	objects = {

/* Begin PBXBuildFile section */
		4F0D59262C59137C0061E1D7 /* ImageLoader.swift in Sources */ = {isa = PBXBuildFile; fileRef = 4F0D59252C59137C0061E1D7 /* ImageLoader.swift */; };
		4F0D59282C5913EE0061E1D7 /* MovieBackdropCard.swift in Sources */ = {isa = PBXBuildFile; fileRef = 4F0D59272C5913EE0061E1D7 /* MovieBackdropCard.swift */; };
		4F14F94B2C661F520052B054 /* MovieSearchView.swift in Sources */ = {isa = PBXBuildFile; fileRef = 4F14F94A2C661F520052B054 /* MovieSearchView.swift */; };
		4F14F94D2C661FAB0052B054 /* SearchBar.swift in Sources */ = {isa = PBXBuildFile; fileRef = 4F14F94C2C661FAB0052B054 /* SearchBar.swift */; };
		4F14F94F2C6622560052B054 /* MovieSearchState.swift in Sources */ = {isa = PBXBuildFile; fileRef = 4F14F94E2C6622560052B054 /* MovieSearchState.swift */; };
		4F28F6842C5A281B00F522ED /* movie_info.json in Resources */ = {isa = PBXBuildFile; fileRef = 4F28F6812C5A281B00F522ED /* movie_info.json */; };
		4F28F6852C5A281B00F522ED /* search_movie.json in Resources */ = {isa = PBXBuildFile; fileRef = 4F28F6822C5A281B00F522ED /* search_movie.json */; };
		4F28F6862C5A281B00F522ED /* movie_list.json in Resources */ = {isa = PBXBuildFile; fileRef = 4F28F6832C5A281B00F522ED /* movie_list.json */; };
		4F28F6882C5A31E400F522ED /* MovieBackdropCarauselView.swift in Sources */ = {isa = PBXBuildFile; fileRef = 4F28F6872C5A31E400F522ED /* MovieBackdropCarauselView.swift */; };
		4F28F68A2C5A340300F522ED /* MoviePosterCard.swift in Sources */ = {isa = PBXBuildFile; fileRef = 4F28F6892C5A340300F522ED /* MoviePosterCard.swift */; };
		4F28F68C2C5A366500F522ED /* MoviePosterCarouselView.swift in Sources */ = {isa = PBXBuildFile; fileRef = 4F28F68B2C5A366500F522ED /* MoviePosterCarouselView.swift */; };
		4F28F68E2C5A37D500F522ED /* MovieListView.swift in Sources */ = {isa = PBXBuildFile; fileRef = 4F28F68D2C5A37D500F522ED /* MovieListView.swift */; };
		4F28F6902C5A37F700F522ED /* MoviesListState.swift in Sources */ = {isa = PBXBuildFile; fileRef = 4F28F68F2C5A37F700F522ED /* MoviesListState.swift */; };
		4F28F6942C5A3A8900F522ED /* ActivityIndicatorView.swift in Sources */ = {isa = PBXBuildFile; fileRef = 4F28F6932C5A3A8900F522ED /* ActivityIndicatorView.swift */; };
		4F28F6962C5A3B3B00F522ED /* LoadingView.swift in Sources */ = {isa = PBXBuildFile; fileRef = 4F28F6952C5A3B3B00F522ED /* LoadingView.swift */; };
		4F28F69A2C62274E00F522ED /* MovieDetailsState.swift in Sources */ = {isa = PBXBuildFile; fileRef = 4F28F6992C62274E00F522ED /* MovieDetailsState.swift */; };
		4F28F69C2C622A4600F522ED /* MovieDetailView.swift in Sources */ = {isa = PBXBuildFile; fileRef = 4F28F69B2C622A4600F522ED /* MovieDetailView.swift */; };
		4F28F69E2C623E3500F522ED /* AuthView.swift in Sources */ = {isa = PBXBuildFile; fileRef = 4F28F69D2C623E3500F522ED /* AuthView.swift */; };
		4FA5A11B2C55434F00B2CC0A /* CNMAApp2App.swift in Sources */ = {isa = PBXBuildFile; fileRef = 4FA5A11A2C55434F00B2CC0A /* CNMAApp2App.swift */; };
		4FA5A11D2C55434F00B2CC0A /* ContentView.swift in Sources */ = {isa = PBXBuildFile; fileRef = 4FA5A11C2C55434F00B2CC0A /* ContentView.swift */; };
		4FA5A11F2C55435300B2CC0A /* Assets.xcassets in Resources */ = {isa = PBXBuildFile; fileRef = 4FA5A11E2C55435300B2CC0A /* Assets.xcassets */; };
		4FA5A1222C55435300B2CC0A /* Preview Assets.xcassets in Resources */ = {isa = PBXBuildFile; fileRef = 4FA5A1212C55435300B2CC0A /* Preview Assets.xcassets */; };
		4FA5A12B2C554BA500B2CC0A /* Movie.swift in Sources */ = {isa = PBXBuildFile; fileRef = 4FA5A12A2C554BA500B2CC0A /* Movie.swift */; };
		4FA5A12F2C554CBD00B2CC0A /* MovieService.swift in Sources */ = {isa = PBXBuildFile; fileRef = 4FA5A12E2C554CBD00B2CC0A /* MovieService.swift */; };
		4FA5A1312C55513D00B2CC0A /* MovieStore.swift in Sources */ = {isa = PBXBuildFile; fileRef = 4FA5A1302C55513D00B2CC0A /* MovieStore.swift */; };
		4FA5A1332C5553F200B2CC0A /* Utils.swift in Sources */ = {isa = PBXBuildFile; fileRef = 4FA5A1322C5553F200B2CC0A /* Utils.swift */; };
		4FA5A1352C555E3D00B2CC0A /* Movie+Stub.swift in Sources */ = {isa = PBXBuildFile; fileRef = 4FA5A1342C555E3D00B2CC0A /* Movie+Stub.swift */; };
		4FF9D10D2C62431100DABFE3 /* User.swift in Sources */ = {isa = PBXBuildFile; fileRef = 4FF9D10C2C62431100DABFE3 /* User.swift */; };
		4FF9D10F2C62445D00DABFE3 /* UserAuth.swift in Sources */ = {isa = PBXBuildFile; fileRef = 4FF9D10E2C62445D00DABFE3 /* UserAuth.swift */; };
		4FF9D1132C6247BF00DABFE3 /* UserProfile.swift in Sources */ = {isa = PBXBuildFile; fileRef = 4FF9D1122C6247BF00DABFE3 /* UserProfile.swift */; };
		4FF9D1152C6247F200DABFE3 /* ProfileView.swift in Sources */ = {isa = PBXBuildFile; fileRef = 4FF9D1142C6247F200DABFE3 /* ProfileView.swift */; };
/* End PBXBuildFile section */

/* Begin PBXFileReference section */
		4F0D59252C59137C0061E1D7 /* ImageLoader.swift */ = {isa = PBXFileReference; lastKnownFileType = sourcecode.swift; path = ImageLoader.swift; sourceTree = "<group>"; };
		4F0D59272C5913EE0061E1D7 /* MovieBackdropCard.swift */ = {isa = PBXFileReference; lastKnownFileType = sourcecode.swift; path = MovieBackdropCard.swift; sourceTree = "<group>"; };
		4F14F94A2C661F520052B054 /* MovieSearchView.swift */ = {isa = PBXFileReference; lastKnownFileType = sourcecode.swift; path = MovieSearchView.swift; sourceTree = "<group>"; };
		4F14F94C2C661FAB0052B054 /* SearchBar.swift */ = {isa = PBXFileReference; lastKnownFileType = sourcecode.swift; path = SearchBar.swift; sourceTree = "<group>"; };
		4F14F94E2C6622560052B054 /* MovieSearchState.swift */ = {isa = PBXFileReference; lastKnownFileType = sourcecode.swift; path = MovieSearchState.swift; sourceTree = "<group>"; };
		4F28F6812C5A281B00F522ED /* movie_info.json */ = {isa = PBXFileReference; fileEncoding = 4; lastKnownFileType = text.json; path = movie_info.json; sourceTree = "<group>"; };
		4F28F6822C5A281B00F522ED /* search_movie.json */ = {isa = PBXFileReference; fileEncoding = 4; lastKnownFileType = text.json; path = search_movie.json; sourceTree = "<group>"; };
		4F28F6832C5A281B00F522ED /* movie_list.json */ = {isa = PBXFileReference; fileEncoding = 4; lastKnownFileType = text.json; path = movie_list.json; sourceTree = "<group>"; };
		4F28F6872C5A31E400F522ED /* MovieBackdropCarauselView.swift */ = {isa = PBXFileReference; lastKnownFileType = sourcecode.swift; path = MovieBackdropCarauselView.swift; sourceTree = "<group>"; };
		4F28F6892C5A340300F522ED /* MoviePosterCard.swift */ = {isa = PBXFileReference; lastKnownFileType = sourcecode.swift; path = MoviePosterCard.swift; sourceTree = "<group>"; };
		4F28F68B2C5A366500F522ED /* MoviePosterCarouselView.swift */ = {isa = PBXFileReference; lastKnownFileType = sourcecode.swift; path = MoviePosterCarouselView.swift; sourceTree = "<group>"; };
		4F28F68D2C5A37D500F522ED /* MovieListView.swift */ = {isa = PBXFileReference; lastKnownFileType = sourcecode.swift; path = MovieListView.swift; sourceTree = "<group>"; };
		4F28F68F2C5A37F700F522ED /* MoviesListState.swift */ = {isa = PBXFileReference; lastKnownFileType = sourcecode.swift; path = MoviesListState.swift; sourceTree = "<group>"; };
		4F28F6932C5A3A8900F522ED /* ActivityIndicatorView.swift */ = {isa = PBXFileReference; lastKnownFileType = sourcecode.swift; path = ActivityIndicatorView.swift; sourceTree = "<group>"; };
		4F28F6952C5A3B3B00F522ED /* LoadingView.swift */ = {isa = PBXFileReference; lastKnownFileType = sourcecode.swift; path = LoadingView.swift; sourceTree = "<group>"; };
		4F28F6992C62274E00F522ED /* MovieDetailsState.swift */ = {isa = PBXFileReference; lastKnownFileType = sourcecode.swift; path = MovieDetailsState.swift; sourceTree = "<group>"; };
		4F28F69B2C622A4600F522ED /* MovieDetailView.swift */ = {isa = PBXFileReference; lastKnownFileType = sourcecode.swift; path = MovieDetailView.swift; sourceTree = "<group>"; };
		4F28F69D2C623E3500F522ED /* AuthView.swift */ = {isa = PBXFileReference; lastKnownFileType = sourcecode.swift; path = AuthView.swift; sourceTree = "<group>"; };
		4FA5A1172C55434F00B2CC0A /* CNMAApp2.app */ = {isa = PBXFileReference; explicitFileType = wrapper.application; includeInIndex = 0; path = CNMAApp2.app; sourceTree = BUILT_PRODUCTS_DIR; };
		4FA5A11A2C55434F00B2CC0A /* CNMAApp2App.swift */ = {isa = PBXFileReference; lastKnownFileType = sourcecode.swift; path = CNMAApp2App.swift; sourceTree = "<group>"; };
		4FA5A11C2C55434F00B2CC0A /* ContentView.swift */ = {isa = PBXFileReference; lastKnownFileType = sourcecode.swift; path = ContentView.swift; sourceTree = "<group>"; };
		4FA5A11E2C55435300B2CC0A /* Assets.xcassets */ = {isa = PBXFileReference; lastKnownFileType = folder.assetcatalog; path = Assets.xcassets; sourceTree = "<group>"; };
		4FA5A1212C55435300B2CC0A /* Preview Assets.xcassets */ = {isa = PBXFileReference; lastKnownFileType = folder.assetcatalog; path = "Preview Assets.xcassets"; sourceTree = "<group>"; };
		4FA5A12A2C554BA500B2CC0A /* Movie.swift */ = {isa = PBXFileReference; lastKnownFileType = sourcecode.swift; path = Movie.swift; sourceTree = "<group>"; };
		4FA5A12E2C554CBD00B2CC0A /* MovieService.swift */ = {isa = PBXFileReference; lastKnownFileType = sourcecode.swift; path = MovieService.swift; sourceTree = "<group>"; };
		4FA5A1302C55513D00B2CC0A /* MovieStore.swift */ = {isa = PBXFileReference; lastKnownFileType = sourcecode.swift; path = MovieStore.swift; sourceTree = "<group>"; };
		4FA5A1322C5553F200B2CC0A /* Utils.swift */ = {isa = PBXFileReference; lastKnownFileType = sourcecode.swift; path = Utils.swift; sourceTree = "<group>"; };
		4FA5A1342C555E3D00B2CC0A /* Movie+Stub.swift */ = {isa = PBXFileReference; lastKnownFileType = sourcecode.swift; path = "Movie+Stub.swift"; sourceTree = "<group>"; };
		4FF9D10C2C62431100DABFE3 /* User.swift */ = {isa = PBXFileReference; lastKnownFileType = sourcecode.swift; path = User.swift; sourceTree = "<group>"; };
		4FF9D10E2C62445D00DABFE3 /* UserAuth.swift */ = {isa = PBXFileReference; lastKnownFileType = sourcecode.swift; path = UserAuth.swift; sourceTree = "<group>"; };
		4FF9D1122C6247BF00DABFE3 /* UserProfile.swift */ = {isa = PBXFileReference; lastKnownFileType = sourcecode.swift; path = UserProfile.swift; sourceTree = "<group>"; };
		4FF9D1142C6247F200DABFE3 /* ProfileView.swift */ = {isa = PBXFileReference; lastKnownFileType = sourcecode.swift; path = ProfileView.swift; sourceTree = "<group>"; };
/* End PBXFileReference section */

/* Begin PBXFrameworksBuildPhase section */
		4FA5A1142C55434F00B2CC0A /* Frameworks */ = {
			isa = PBXFrameworksBuildPhase;
			buildActionMask = 2147483647;
			files = (
			);
			runOnlyForDeploymentPostprocessing = 0;
		};
/* End PBXFrameworksBuildPhase section */

/* Begin PBXGroup section */
		4F0D59242C59135B0061E1D7 /* Bindings */ = {
			isa = PBXGroup;
			children = (
				4F0D59252C59137C0061E1D7 /* ImageLoader.swift */,
				4F28F68F2C5A37F700F522ED /* MoviesListState.swift */,
				4F28F6992C62274E00F522ED /* MovieDetailsState.swift */,
				4F14F94E2C6622560052B054 /* MovieSearchState.swift */,
			);
			path = Bindings;
			sourceTree = "<group>";
		};
		4F28F6922C5A3A0200F522ED /* UIKitViews */ = {
			isa = PBXGroup;
			children = (
				4F28F6932C5A3A8900F522ED /* ActivityIndicatorView.swift */,
				4F14F94C2C661FAB0052B054 /* SearchBar.swift */,
			);
			path = UIKitViews;
			sourceTree = "<group>";
		};
		4FA5A10E2C55434F00B2CC0A = {
			isa = PBXGroup;
			children = (
				4FA5A1192C55434F00B2CC0A /* CNMAApp2 */,
				4FA5A1182C55434F00B2CC0A /* Products */,
			);
			sourceTree = "<group>";
		};
		4FA5A1182C55434F00B2CC0A /* Products */ = {
			isa = PBXGroup;
			children = (
				4FA5A1172C55434F00B2CC0A /* CNMAApp2.app */,
			);
			name = Products;
			sourceTree = "<group>";
		};
		4FA5A1192C55434F00B2CC0A /* CNMAApp2 */ = {
			isa = PBXGroup;
			children = (
				4FA5A11A2C55434F00B2CC0A /* CNMAApp2App.swift */,
				4FA5A11C2C55434F00B2CC0A /* ContentView.swift */,
				4FA5A1322C5553F200B2CC0A /* Utils.swift */,
				4F0D59242C59135B0061E1D7 /* Bindings */,
				4FA5A1372C555E5700B2CC0A /* Resources */,
				4FA5A1452C5911AC00B2CC0A /* Views */,
				4FA5A12D2C554C9C00B2CC0A /* Services */,
				4FA5A12C2C554BB400B2CC0A /* Model */,
				4FA5A11E2C55435300B2CC0A /* Assets.xcassets */,
				4FA5A1202C55435300B2CC0A /* Preview Content */,
			);
			path = CNMAApp2;
			sourceTree = "<group>";
		};
		4FA5A1202C55435300B2CC0A /* Preview Content */ = {
			isa = PBXGroup;
			children = (
				4FA5A1212C55435300B2CC0A /* Preview Assets.xcassets */,
			);
			path = "Preview Content";
			sourceTree = "<group>";
		};
		4FA5A12C2C554BB400B2CC0A /* Model */ = {
			isa = PBXGroup;
			children = (
				4FA5A12A2C554BA500B2CC0A /* Movie.swift */,
				4FA5A1342C555E3D00B2CC0A /* Movie+Stub.swift */,
				4FF9D10C2C62431100DABFE3 /* User.swift */,
			);
			path = Model;
			sourceTree = "<group>";
		};
		4FA5A12D2C554C9C00B2CC0A /* Services */ = {
			isa = PBXGroup;
			children = (
				4FA5A12E2C554CBD00B2CC0A /* MovieService.swift */,
				4FA5A1302C55513D00B2CC0A /* MovieStore.swift */,
				4FF9D10E2C62445D00DABFE3 /* UserAuth.swift */,
				4FF9D1122C6247BF00DABFE3 /* UserProfile.swift */,
			);
			path = Services;
			sourceTree = "<group>";
		};
		4FA5A1372C555E5700B2CC0A /* Resources */ = {
			isa = PBXGroup;
			children = (
				4F28F6812C5A281B00F522ED /* movie_info.json */,
				4F28F6832C5A281B00F522ED /* movie_list.json */,
				4F28F6822C5A281B00F522ED /* search_movie.json */,
			);
			path = Resources;
			sourceTree = "<group>";
		};
		4FA5A1452C5911AC00B2CC0A /* Views */ = {
			isa = PBXGroup;
			children = (
				4F28F6922C5A3A0200F522ED /* UIKitViews */,
				4F0D59272C5913EE0061E1D7 /* MovieBackdropCard.swift */,
				4F28F6872C5A31E400F522ED /* MovieBackdropCarauselView.swift */,
				4F28F6892C5A340300F522ED /* MoviePosterCard.swift */,
				4F28F68B2C5A366500F522ED /* MoviePosterCarouselView.swift */,
				4F28F68D2C5A37D500F522ED /* MovieListView.swift */,
				4F28F6952C5A3B3B00F522ED /* LoadingView.swift */,
				4F28F69B2C622A4600F522ED /* MovieDetailView.swift */,
				4F28F69D2C623E3500F522ED /* AuthView.swift */,
				4FF9D1142C6247F200DABFE3 /* ProfileView.swift */,
				4F14F94A2C661F520052B054 /* MovieSearchView.swift */,
			);
			path = Views;
			sourceTree = "<group>";
		};
/* End PBXGroup section */

/* Begin PBXNativeTarget section */
		4FA5A1162C55434F00B2CC0A /* CNMAApp2 */ = {
			isa = PBXNativeTarget;
			buildConfigurationList = 4FA5A1252C55435300B2CC0A /* Build configuration list for PBXNativeTarget "CNMAApp2" */;
			buildPhases = (
				4FA5A1132C55434F00B2CC0A /* Sources */,
				4FA5A1142C55434F00B2CC0A /* Frameworks */,
				4FA5A1152C55434F00B2CC0A /* Resources */,
			);
			buildRules = (
			);
			dependencies = (
			);
			name = CNMAApp2;
			productName = CNMAApp2;
			productReference = 4FA5A1172C55434F00B2CC0A /* CNMAApp2.app */;
			productType = "com.apple.product-type.application";
		};
/* End PBXNativeTarget section */

/* Begin PBXProject section */
		4FA5A10F2C55434F00B2CC0A /* Project object */ = {
			isa = PBXProject;
			attributes = {
				BuildIndependentTargetsInParallel = 1;
				LastSwiftUpdateCheck = 1540;
				LastUpgradeCheck = 1540;
				TargetAttributes = {
					4FA5A1162C55434F00B2CC0A = {
						CreatedOnToolsVersion = 15.4;
					};
				};
			};
			buildConfigurationList = 4FA5A1122C55434F00B2CC0A /* Build configuration list for PBXProject "CNMAApp2" */;
			compatibilityVersion = "Xcode 14.0";
			developmentRegion = en;
			hasScannedForEncodings = 0;
			knownRegions = (
				en,
				Base,
			);
			mainGroup = 4FA5A10E2C55434F00B2CC0A;
			productRefGroup = 4FA5A1182C55434F00B2CC0A /* Products */;
			projectDirPath = "";
			projectRoot = "";
			targets = (
				4FA5A1162C55434F00B2CC0A /* CNMAApp2 */,
			);
		};
/* End PBXProject section */

/* Begin PBXResourcesBuildPhase section */
		4FA5A1152C55434F00B2CC0A /* Resources */ = {
			isa = PBXResourcesBuildPhase;
			buildActionMask = 2147483647;
			files = (
				4FA5A1222C55435300B2CC0A /* Preview Assets.xcassets in Resources */,
				4F28F6842C5A281B00F522ED /* movie_info.json in Resources */,
				4F28F6852C5A281B00F522ED /* search_movie.json in Resources */,
				4F28F6862C5A281B00F522ED /* movie_list.json in Resources */,
				4FA5A11F2C55435300B2CC0A /* Assets.xcassets in Resources */,
			);
			runOnlyForDeploymentPostprocessing = 0;
		};
/* End PBXResourcesBuildPhase section */

/* Begin PBXSourcesBuildPhase section */
		4FA5A1132C55434F00B2CC0A /* Sources */ = {
			isa = PBXSourcesBuildPhase;
			buildActionMask = 2147483647;
			files = (
				4FA5A11D2C55434F00B2CC0A /* ContentView.swift in Sources */,
				4FA5A11B2C55434F00B2CC0A /* CNMAApp2App.swift in Sources */,
				4FA5A12F2C554CBD00B2CC0A /* MovieService.swift in Sources */,
				4F28F6882C5A31E400F522ED /* MovieBackdropCarauselView.swift in Sources */,
				4F28F68A2C5A340300F522ED /* MoviePosterCard.swift in Sources */,
				4F28F6962C5A3B3B00F522ED /* LoadingView.swift in Sources */,
				4FF9D10F2C62445D00DABFE3 /* UserAuth.swift in Sources */,
				4F14F94D2C661FAB0052B054 /* SearchBar.swift in Sources */,
				4F28F69C2C622A4600F522ED /* MovieDetailView.swift in Sources */,
				4FA5A1352C555E3D00B2CC0A /* Movie+Stub.swift in Sources */,
				4F14F94B2C661F520052B054 /* MovieSearchView.swift in Sources */,
				4FF9D10D2C62431100DABFE3 /* User.swift in Sources */,
				4F28F69E2C623E3500F522ED /* AuthView.swift in Sources */,
				4F28F6942C5A3A8900F522ED /* ActivityIndicatorView.swift in Sources */,
				4F14F94F2C6622560052B054 /* MovieSearchState.swift in Sources */,
				4F28F68C2C5A366500F522ED /* MoviePosterCarouselView.swift in Sources */,
				4F0D59282C5913EE0061E1D7 /* MovieBackdropCard.swift in Sources */,
				4FA5A12B2C554BA500B2CC0A /* Movie.swift in Sources */,
				4FA5A1312C55513D00B2CC0A /* MovieStore.swift in Sources */,
				4FF9D1132C6247BF00DABFE3 /* UserProfile.swift in Sources */,
				4FF9D1152C6247F200DABFE3 /* ProfileView.swift in Sources */,
				4F28F68E2C5A37D500F522ED /* MovieListView.swift in Sources */,
				4F28F69A2C62274E00F522ED /* MovieDetailsState.swift in Sources */,
				4F0D59262C59137C0061E1D7 /* ImageLoader.swift in Sources */,
				4F28F6902C5A37F700F522ED /* MoviesListState.swift in Sources */,
				4FA5A1332C5553F200B2CC0A /* Utils.swift in Sources */,
			);
			runOnlyForDeploymentPostprocessing = 0;
		};
/* End PBXSourcesBuildPhase section */

/* Begin XCBuildConfiguration section */
		4FA5A1232C55435300B2CC0A /* Debug */ = {
			isa = XCBuildConfiguration;
			buildSettings = {
				ALWAYS_SEARCH_USER_PATHS = NO;
				ASSETCATALOG_COMPILER_GENERATE_SWIFT_ASSET_SYMBOL_EXTENSIONS = YES;
				CLANG_ANALYZER_NONNULL = YES;
				CLANG_ANALYZER_NUMBER_OBJECT_CONVERSION = YES_AGGRESSIVE;
				CLANG_CXX_LANGUAGE_STANDARD = "gnu++20";
				CLANG_ENABLE_MODULES = YES;
				CLANG_ENABLE_OBJC_ARC = YES;
				CLANG_ENABLE_OBJC_WEAK = YES;
				CLANG_WARN_BLOCK_CAPTURE_AUTORELEASING = YES;
				CLANG_WARN_BOOL_CONVERSION = YES;
				CLANG_WARN_COMMA = YES;
				CLANG_WARN_CONSTANT_CONVERSION = YES;
				CLANG_WARN_DEPRECATED_OBJC_IMPLEMENTATIONS = YES;
				CLANG_WARN_DIRECT_OBJC_ISA_USAGE = YES_ERROR;
				CLANG_WARN_DOCUMENTATION_COMMENTS = YES;
				CLANG_WARN_EMPTY_BODY = YES;
				CLANG_WARN_ENUM_CONVERSION = YES;
				CLANG_WARN_INFINITE_RECURSION = YES;
				CLANG_WARN_INT_CONVERSION = YES;
				CLANG_WARN_NON_LITERAL_NULL_CONVERSION = YES;
				CLANG_WARN_OBJC_IMPLICIT_RETAIN_SELF = YES;
				CLANG_WARN_OBJC_LITERAL_CONVERSION = YES;
				CLANG_WARN_OBJC_ROOT_CLASS = YES_ERROR;
				CLANG_WARN_QUOTED_INCLUDE_IN_FRAMEWORK_HEADER = YES;
				CLANG_WARN_RANGE_LOOP_ANALYSIS = YES;
				CLANG_WARN_STRICT_PROTOTYPES = YES;
				CLANG_WARN_SUSPICIOUS_MOVE = YES;
				CLANG_WARN_UNGUARDED_AVAILABILITY = YES_AGGRESSIVE;
				CLANG_WARN_UNREACHABLE_CODE = YES;
				CLANG_WARN__DUPLICATE_METHOD_MATCH = YES;
				COPY_PHASE_STRIP = NO;
				DEBUG_INFORMATION_FORMAT = dwarf;
				ENABLE_STRICT_OBJC_MSGSEND = YES;
				ENABLE_TESTABILITY = YES;
				ENABLE_USER_SCRIPT_SANDBOXING = YES;
				GCC_C_LANGUAGE_STANDARD = gnu17;
				GCC_DYNAMIC_NO_PIC = NO;
				GCC_NO_COMMON_BLOCKS = YES;
				GCC_OPTIMIZATION_LEVEL = 0;
				GCC_PREPROCESSOR_DEFINITIONS = (
					"DEBUG=1",
					"$(inherited)",
				);
				GCC_WARN_64_TO_32_BIT_CONVERSION = YES;
				GCC_WARN_ABOUT_RETURN_TYPE = YES_ERROR;
				GCC_WARN_UNDECLARED_SELECTOR = YES;
				GCC_WARN_UNINITIALIZED_AUTOS = YES_AGGRESSIVE;
				GCC_WARN_UNUSED_FUNCTION = YES;
				GCC_WARN_UNUSED_VARIABLE = YES;
				IPHONEOS_DEPLOYMENT_TARGET = 17.5;
				LOCALIZATION_PREFERS_STRING_CATALOGS = YES;
				MTL_ENABLE_DEBUG_INFO = INCLUDE_SOURCE;
				MTL_FAST_MATH = YES;
				ONLY_ACTIVE_ARCH = YES;
				SDKROOT = iphoneos;
				SWIFT_ACTIVE_COMPILATION_CONDITIONS = "DEBUG $(inherited)";
				SWIFT_OPTIMIZATION_LEVEL = "-Onone";
			};
			name = Debug;
		};
		4FA5A1242C55435300B2CC0A /* Release */ = {
			isa = XCBuildConfiguration;
			buildSettings = {
				ALWAYS_SEARCH_USER_PATHS = NO;
				ASSETCATALOG_COMPILER_GENERATE_SWIFT_ASSET_SYMBOL_EXTENSIONS = YES;
				CLANG_ANALYZER_NONNULL = YES;
				CLANG_ANALYZER_NUMBER_OBJECT_CONVERSION = YES_AGGRESSIVE;
				CLANG_CXX_LANGUAGE_STANDARD = "gnu++20";
				CLANG_ENABLE_MODULES = YES;
				CLANG_ENABLE_OBJC_ARC = YES;
				CLANG_ENABLE_OBJC_WEAK = YES;
				CLANG_WARN_BLOCK_CAPTURE_AUTORELEASING = YES;
				CLANG_WARN_BOOL_CONVERSION = YES;
				CLANG_WARN_COMMA = YES;
				CLANG_WARN_CONSTANT_CONVERSION = YES;
				CLANG_WARN_DEPRECATED_OBJC_IMPLEMENTATIONS = YES;
				CLANG_WARN_DIRECT_OBJC_ISA_USAGE = YES_ERROR;
				CLANG_WARN_DOCUMENTATION_COMMENTS = YES;
				CLANG_WARN_EMPTY_BODY = YES;
				CLANG_WARN_ENUM_CONVERSION = YES;
				CLANG_WARN_INFINITE_RECURSION = YES;
				CLANG_WARN_INT_CONVERSION = YES;
				CLANG_WARN_NON_LITERAL_NULL_CONVERSION = YES;
				CLANG_WARN_OBJC_IMPLICIT_RETAIN_SELF = YES;
				CLANG_WARN_OBJC_LITERAL_CONVERSION = YES;
				CLANG_WARN_OBJC_ROOT_CLASS = YES_ERROR;
				CLANG_WARN_QUOTED_INCLUDE_IN_FRAMEWORK_HEADER = YES;
				CLANG_WARN_RANGE_LOOP_ANALYSIS = YES;
				CLANG_WARN_STRICT_PROTOTYPES = YES;
				CLANG_WARN_SUSPICIOUS_MOVE = YES;
				CLANG_WARN_UNGUARDED_AVAILABILITY = YES_AGGRESSIVE;
				CLANG_WARN_UNREACHABLE_CODE = YES;
				CLANG_WARN__DUPLICATE_METHOD_MATCH = YES;
				COPY_PHASE_STRIP = NO;
				DEBUG_INFORMATION_FORMAT = "dwarf-with-dsym";
				ENABLE_NS_ASSERTIONS = NO;
				ENABLE_STRICT_OBJC_MSGSEND = YES;
				ENABLE_USER_SCRIPT_SANDBOXING = YES;
				GCC_C_LANGUAGE_STANDARD = gnu17;
				GCC_NO_COMMON_BLOCKS = YES;
				GCC_WARN_64_TO_32_BIT_CONVERSION = YES;
				GCC_WARN_ABOUT_RETURN_TYPE = YES_ERROR;
				GCC_WARN_UNDECLARED_SELECTOR = YES;
				GCC_WARN_UNINITIALIZED_AUTOS = YES_AGGRESSIVE;
				GCC_WARN_UNUSED_FUNCTION = YES;
				GCC_WARN_UNUSED_VARIABLE = YES;
				IPHONEOS_DEPLOYMENT_TARGET = 17.5;
				LOCALIZATION_PREFERS_STRING_CATALOGS = YES;
				MTL_ENABLE_DEBUG_INFO = NO;
				MTL_FAST_MATH = YES;
				SDKROOT = iphoneos;
				SWIFT_COMPILATION_MODE = wholemodule;
				VALIDATE_PRODUCT = YES;
			};
			name = Release;
		};
		4FA5A1262C55435300B2CC0A /* Debug */ = {
			isa = XCBuildConfiguration;
			buildSettings = {
				ASSETCATALOG_COMPILER_APPICON_NAME = AppIcon;
				ASSETCATALOG_COMPILER_GLOBAL_ACCENT_COLOR_NAME = AccentColor;
				CODE_SIGN_STYLE = Automatic;
				CURRENT_PROJECT_VERSION = 1;
				DEVELOPMENT_ASSET_PATHS = "\"CNMAApp2/Preview Content\"";
				DEVELOPMENT_TEAM = P5FX297WUC;
				ENABLE_PREVIEWS = YES;
				GENERATE_INFOPLIST_FILE = YES;
				INFOPLIST_KEY_UIApplicationSceneManifest_Generation = YES;
				INFOPLIST_KEY_UIApplicationSupportsIndirectInputEvents = YES;
				INFOPLIST_KEY_UILaunchScreen_Generation = YES;
				INFOPLIST_KEY_UISupportedInterfaceOrientations_iPad = "UIInterfaceOrientationPortrait UIInterfaceOrientationPortraitUpsideDown UIInterfaceOrientationLandscapeLeft UIInterfaceOrientationLandscapeRight";
				INFOPLIST_KEY_UISupportedInterfaceOrientations_iPhone = "UIInterfaceOrientationPortrait UIInterfaceOrientationLandscapeLeft UIInterfaceOrientationLandscapeRight";
				LD_RUNPATH_SEARCH_PATHS = (
					"$(inherited)",
					"@executable_path/Frameworks",
				);
				MARKETING_VERSION = 1.0;
				PRODUCT_BUNDLE_IDENTIFIER = com.apple.CNMAApp2;
				PRODUCT_NAME = "$(TARGET_NAME)";
				SWIFT_EMIT_LOC_STRINGS = YES;
				SWIFT_VERSION = 5.0;
				TARGETED_DEVICE_FAMILY = "1,2";
			};
			name = Debug;
		};
		4FA5A1272C55435300B2CC0A /* Release */ = {
			isa = XCBuildConfiguration;
			buildSettings = {
				ASSETCATALOG_COMPILER_APPICON_NAME = AppIcon;
				ASSETCATALOG_COMPILER_GLOBAL_ACCENT_COLOR_NAME = AccentColor;
				CODE_SIGN_STYLE = Automatic;
				CURRENT_PROJECT_VERSION = 1;
				DEVELOPMENT_ASSET_PATHS = "\"CNMAApp2/Preview Content\"";
				DEVELOPMENT_TEAM = P5FX297WUC;
				ENABLE_PREVIEWS = YES;
				GENERATE_INFOPLIST_FILE = YES;
				INFOPLIST_KEY_UIApplicationSceneManifest_Generation = YES;
				INFOPLIST_KEY_UIApplicationSupportsIndirectInputEvents = YES;
				INFOPLIST_KEY_UILaunchScreen_Generation = YES;
				INFOPLIST_KEY_UISupportedInterfaceOrientations_iPad = "UIInterfaceOrientationPortrait UIInterfaceOrientationPortraitUpsideDown UIInterfaceOrientationLandscapeLeft UIInterfaceOrientationLandscapeRight";
				INFOPLIST_KEY_UISupportedInterfaceOrientations_iPhone = "UIInterfaceOrientationPortrait UIInterfaceOrientationLandscapeLeft UIInterfaceOrientationLandscapeRight";
				LD_RUNPATH_SEARCH_PATHS = (
					"$(inherited)",
					"@executable_path/Frameworks",
				);
				MARKETING_VERSION = 1.0;
				PRODUCT_BUNDLE_IDENTIFIER = com.apple.CNMAApp2;
				PRODUCT_NAME = "$(TARGET_NAME)";
				SWIFT_EMIT_LOC_STRINGS = YES;
				SWIFT_VERSION = 5.0;
				TARGETED_DEVICE_FAMILY = "1,2";
			};
			name = Release;
		};
/* End XCBuildConfiguration section */

/* Begin XCConfigurationList section */
		4FA5A1122C55434F00B2CC0A /* Build configuration list for PBXProject "CNMAApp2" */ = {
			isa = XCConfigurationList;
			buildConfigurations = (
				4FA5A1232C55435300B2CC0A /* Debug */,
				4FA5A1242C55435300B2CC0A /* Release */,
			);
			defaultConfigurationIsVisible = 0;
			defaultConfigurationName = Release;
		};
		4FA5A1252C55435300B2CC0A /* Build configuration list for PBXNativeTarget "CNMAApp2" */ = {
			isa = XCConfigurationList;
			buildConfigurations = (
				4FA5A1262C55435300B2CC0A /* Debug */,
				4FA5A1272C55435300B2CC0A /* Release */,
			);
			defaultConfigurationIsVisible = 0;
			defaultConfigurationName = Release;
		};
/* End XCConfigurationList section */
	};
	rootObject = 4FA5A10F2C55434F00B2CC0A /* Project object */;
}
